{
  "name": "starweb",
  "requires": true,
  "lockfileVersion": 1,
  "dependencies": {
    "metismenu": {
      "version": "3.0.4",
      "resolved": "https://registry.npmjs.org/metismenu/-/metismenu-3.0.4.tgz",
      "integrity": "sha512-eL/IcGMVlwtn0oda+ff5psD1R1meQB+5W1xX2nXdDZEgyTXGUNmLBQHte1jbNZ1XjV5MLzOJ1FAK5Cn8Fkg52g=="
    }
  }
}
